<?xml version="1.0" encoding="UTF-8"?>
<Scheme
   version = "1.3">
   <BuildAction>
      <BuildActionEntries>
         <BuildActionEntry
            buildForRunning = "YES">
            <BuildableReference
               BuildableIdentifier = "primary"
               BlueprintIdentifier = "9E93979720E9AF2300FD6DF5"
               BuildableName = "Dependency Injection Explained.app"
               BlueprintName = "Dependency Injection Explained"
               ReferencedContainer = "container:Dependency Injection Explained.xcodeproj">
            </BuildableReference>
         </BuildActionEntry>
      </BuildActionEntries>
   </BuildAction>
   <LaunchAction
      useCustomWorkingDirectory = "NO"
      buildConfiguration = "Debug"
      allowLocationSimulation = "YES">
      <BuildableProductRunnable>
         <BuildableReference
            BuildableIdentifier = "primary"
            BlueprintIdentifier = "9E93979720E9AF2300FD6DF5"
            BuildableName = "Dependency Injection Explained.app"
            BlueprintName = "Dependency Injection Explained"
            ReferencedContainer = "container:Dependency Injection Explained.xcodeproj">
         </BuildableReference>
      </BuildableProductRunnable>
   </LaunchAction>
</Scheme>
